
Microsoft Visual Studio Solution File, Format Version 12.00
# Visual Studio Version 17
VisualStudioVersion = 17.2.32616.157
MinimumVisualStudioVersion = 10.0.40219.1
Project("{9A19103F-16F7-4668-BE54-9A1E7A4F7556}") = "DEV_car", "DEV_car.csproj", "{FF5A527B-69E3-4CC5-99CB-4CDA769941B8}"
EndProject
Global
	GlobalSection(SolutionConfigurationPlatforms) = preSolution
		Debug|Any CPU = Debug|Any CPU
		Release|Any CPU = Release|Any CPU
	EndGlobalSection
	GlobalSection(ProjectConfigurationPlatforms) = postSolution
		{FF5A527B-69E3-4CC5-99CB-4CDA769941B8}.Debug|Any CPU.ActiveCfg = Debug|Any CPU
		{FF5A527B-69E3-4CC5-99CB-4CDA769941B8}.Debug|Any CPU.Build.0 = Debug|Any CPU
		{FF5A527B-69E3-4CC5-99CB-4CDA769941B8}.Release|Any CPU.ActiveCfg = Release|Any CPU
		{FF5A527B-69E3-4CC5-99CB-4CDA769941B8}.Release|Any CPU.Build.0 = Release|Any CPU
	EndGlobalSection
	GlobalSection(SolutionProperties) = preSolution
		HideSolutionNode = FALSE
	EndGlobalSection
	GlobalSection(ExtensibilityGlobals) = postSolution
		SolutionGuid = {A97FECA5-B694-4FB8-876D-5546707040BD}
	EndGlobalSection
EndGlobal
